// !$*UTF8*$!
{
	archiveVersion = 1;
	classes = {
	};
	objectVersion = 51;
	objects = {

/* Begin PBXBuildFile section */
		A38FF8028664F58244DC43E8 /* Pods_FriendList.framework in Frameworks */ = {isa = PBXBuildFile; fileRef = 4908F4F336AD70E705B14924 /* Pods_FriendList.framework */; };
		E89F1C0E2480E7A5003CCB61 /* BaseViewController.swift in Sources */ = {isa = PBXBuildFile; fileRef = E89F1C0D2480E7A5003CCB61 /* BaseViewController.swift */; };
		E89F1C102480F579003CCB61 /* ContactViewModel.swift in Sources */ = {isa = PBXBuildFile; fileRef = E89F1C0F2480F579003CCB61 /* ContactViewModel.swift */; };
		E89F1C12248107A2003CCB61 /* User.swift in Sources */ = {isa = PBXBuildFile; fileRef = E89F1C11248107A2003CCB61 /* User.swift */; };
		E89F1C1424812236003CCB61 /* ContactCell.swift in Sources */ = {isa = PBXBuildFile; fileRef = E89F1C1324812236003CCB61 /* ContactCell.swift */; };
		E89F1C1824812627003CCB61 /* UITableViewCell.swift in Sources */ = {isa = PBXBuildFile; fileRef = E89F1C1724812627003CCB61 /* UITableViewCell.swift */; };
		E89F1C1B248135C8003CCB61 /* Debugging.swift in Sources */ = {isa = PBXBuildFile; fileRef = E89F1C1A248135C8003CCB61 /* Debugging.swift */; };
		E89F1C1D24814252003CCB61 /* UITableView.swift in Sources */ = {isa = PBXBuildFile; fileRef = E89F1C1C24814252003CCB61 /* UITableView.swift */; };
		E89F1C202482566E003CCB61 /* FriendInfoViewController.swift in Sources */ = {isa = PBXBuildFile; fileRef = E89F1C1F2482566E003CCB61 /* FriendInfoViewController.swift */; };
		E89F1C22248387AE003CCB61 /* FriendInfoCell.swift in Sources */ = {isa = PBXBuildFile; fileRef = E89F1C21248387AE003CCB61 /* FriendInfoCell.swift */; };
		E89F1C2424838964003CCB61 /* UICollectionView.swift in Sources */ = {isa = PBXBuildFile; fileRef = E89F1C2324838964003CCB61 /* UICollectionView.swift */; };
		E89F1C262483896C003CCB61 /* UICollectionViewCell.swift in Sources */ = {isa = PBXBuildFile; fileRef = E89F1C252483896C003CCB61 /* UICollectionViewCell.swift */; };
		E89F1C2824838F54003CCB61 /* String.swift in Sources */ = {isa = PBXBuildFile; fileRef = E89F1C2724838F54003CCB61 /* String.swift */; };
		E89F1C2B24839B56003CCB61 /* FriendEditViewController.swift in Sources */ = {isa = PBXBuildFile; fileRef = E89F1C2A24839B56003CCB61 /* FriendEditViewController.swift */; };
		E89F1C2E2483A445003CCB61 /* UnderlineTextField.swift in Sources */ = {isa = PBXBuildFile; fileRef = E89F1C2D2483A445003CCB61 /* UnderlineTextField.swift */; };
		E89F1C312483AF28003CCB61 /* FriendEditCell.swift in Sources */ = {isa = PBXBuildFile; fileRef = E89F1C302483AF28003CCB61 /* FriendEditCell.swift */; };
		E8F8120B247F8B0900D262E8 /* AppDelegate.swift in Sources */ = {isa = PBXBuildFile; fileRef = E8F8120A247F8B0900D262E8 /* AppDelegate.swift */; };
		E8F8120D247F8B0900D262E8 /* SceneDelegate.swift in Sources */ = {isa = PBXBuildFile; fileRef = E8F8120C247F8B0900D262E8 /* SceneDelegate.swift */; };
		E8F8120F247F8B0900D262E8 /* ContactViewController.swift in Sources */ = {isa = PBXBuildFile; fileRef = E8F8120E247F8B0900D262E8 /* ContactViewController.swift */; };
		E8F81214247F8B0A00D262E8 /* Assets.xcassets in Resources */ = {isa = PBXBuildFile; fileRef = E8F81213247F8B0A00D262E8 /* Assets.xcassets */; };
		E8F81217247F8B0A00D262E8 /* LaunchScreen.storyboard in Resources */ = {isa = PBXBuildFile; fileRef = E8F81215247F8B0A00D262E8 /* LaunchScreen.storyboard */; };
		E8F8121F2480DFBC00D262E8 /* TabBarController.swift in Sources */ = {isa = PBXBuildFile; fileRef = E8F8121E2480DFBC00D262E8 /* TabBarController.swift */; };
		E8F812212480E01400D262E8 /* SearchViewController.swift in Sources */ = {isa = PBXBuildFile; fileRef = E8F812202480E01400D262E8 /* SearchViewController.swift */; };
		E8F812232480E01A00D262E8 /* TagViewController.swift in Sources */ = {isa = PBXBuildFile; fileRef = E8F812222480E01A00D262E8 /* TagViewController.swift */; };
		E8F812252480E02200D262E8 /* SettingViewController.swift in Sources */ = {isa = PBXBuildFile; fileRef = E8F812242480E02200D262E8 /* SettingViewController.swift */; };
/* End PBXBuildFile section */

/* Begin PBXFileReference section */
		1E08FCED2F175F4FAF2692B6 /* Pods-FriendList.release.xcconfig */ = {isa = PBXFileReference; includeInIndex = 1; lastKnownFileType = text.xcconfig; name = "Pods-FriendList.release.xcconfig"; path = "Target Support Files/Pods-FriendList/Pods-FriendList.release.xcconfig"; sourceTree = "<group>"; };
		3E83007549A9AEF2489F7D70 /* Pods-FriendList.debug.xcconfig */ = {isa = PBXFileReference; includeInIndex = 1; lastKnownFileType = text.xcconfig; name = "Pods-FriendList.debug.xcconfig"; path = "Target Support Files/Pods-FriendList/Pods-FriendList.debug.xcconfig"; sourceTree = "<group>"; };
		4908F4F336AD70E705B14924 /* Pods_FriendList.framework */ = {isa = PBXFileReference; explicitFileType = wrapper.framework; includeInIndex = 0; path = Pods_FriendList.framework; sourceTree = BUILT_PRODUCTS_DIR; };
		E89F1C0D2480E7A5003CCB61 /* BaseViewController.swift */ = {isa = PBXFileReference; lastKnownFileType = sourcecode.swift; path = BaseViewController.swift; sourceTree = "<group>"; };
		E89F1C0F2480F579003CCB61 /* ContactViewModel.swift */ = {isa = PBXFileReference; lastKnownFileType = sourcecode.swift; path = ContactViewModel.swift; sourceTree = "<group>"; };
		E89F1C11248107A2003CCB61 /* User.swift */ = {isa = PBXFileReference; lastKnownFileType = sourcecode.swift; path = User.swift; sourceTree = "<group>"; };
		E89F1C1324812236003CCB61 /* ContactCell.swift */ = {isa = PBXFileReference; lastKnownFileType = sourcecode.swift; path = ContactCell.swift; sourceTree = "<group>"; };
		E89F1C1724812627003CCB61 /* UITableViewCell.swift */ = {isa = PBXFileReference; lastKnownFileType = sourcecode.swift; path = UITableViewCell.swift; sourceTree = "<group>"; };
		E89F1C1A248135C8003CCB61 /* Debugging.swift */ = {isa = PBXFileReference; lastKnownFileType = sourcecode.swift; path = Debugging.swift; sourceTree = "<group>"; };
		E89F1C1C24814252003CCB61 /* UITableView.swift */ = {isa = PBXFileReference; lastKnownFileType = sourcecode.swift; path = UITableView.swift; sourceTree = "<group>"; };
		E89F1C1F2482566E003CCB61 /* FriendInfoViewController.swift */ = {isa = PBXFileReference; lastKnownFileType = sourcecode.swift; path = FriendInfoViewController.swift; sourceTree = "<group>"; };
		E89F1C21248387AE003CCB61 /* FriendInfoCell.swift */ = {isa = PBXFileReference; lastKnownFileType = sourcecode.swift; path = FriendInfoCell.swift; sourceTree = "<group>"; };
		E89F1C2324838964003CCB61 /* UICollectionView.swift */ = {isa = PBXFileReference; lastKnownFileType = sourcecode.swift; path = UICollectionView.swift; sourceTree = "<group>"; };
		E89F1C252483896C003CCB61 /* UICollectionViewCell.swift */ = {isa = PBXFileReference; lastKnownFileType = sourcecode.swift; path = UICollectionViewCell.swift; sourceTree = "<group>"; };
		E89F1C2724838F54003CCB61 /* String.swift */ = {isa = PBXFileReference; lastKnownFileType = sourcecode.swift; path = String.swift; sourceTree = "<group>"; };
		E89F1C2A24839B56003CCB61 /* FriendEditViewController.swift */ = {isa = PBXFileReference; lastKnownFileType = sourcecode.swift; path = FriendEditViewController.swift; sourceTree = "<group>"; };
		E89F1C2D2483A445003CCB61 /* UnderlineTextField.swift */ = {isa = PBXFileReference; lastKnownFileType = sourcecode.swift; path = UnderlineTextField.swift; sourceTree = "<group>"; };
		E89F1C302483AF28003CCB61 /* FriendEditCell.swift */ = {isa = PBXFileReference; lastKnownFileType = sourcecode.swift; path = FriendEditCell.swift; sourceTree = "<group>"; };
		E8F81207247F8B0800D262E8 /* FriendList.app */ = {isa = PBXFileReference; explicitFileType = wrapper.application; includeInIndex = 0; path = FriendList.app; sourceTree = BUILT_PRODUCTS_DIR; };
		E8F8120A247F8B0900D262E8 /* AppDelegate.swift */ = {isa = PBXFileReference; lastKnownFileType = sourcecode.swift; path = AppDelegate.swift; sourceTree = "<group>"; };
		E8F8120C247F8B0900D262E8 /* SceneDelegate.swift */ = {isa = PBXFileReference; lastKnownFileType = sourcecode.swift; path = SceneDelegate.swift; sourceTree = "<group>"; };
		E8F8120E247F8B0900D262E8 /* ContactViewController.swift */ = {isa = PBXFileReference; lastKnownFileType = sourcecode.swift; path = ContactViewController.swift; sourceTree = "<group>"; };
		E8F81213247F8B0A00D262E8 /* Assets.xcassets */ = {isa = PBXFileReference; lastKnownFileType = folder.assetcatalog; path = Assets.xcassets; sourceTree = "<group>"; };
		E8F81216247F8B0A00D262E8 /* Base */ = {isa = PBXFileReference; lastKnownFileType = file.storyboard; name = Base; path = Base.lproj/LaunchScreen.storyboard; sourceTree = "<group>"; };
		E8F81218247F8B0A00D262E8 /* Info.plist */ = {isa = PBXFileReference; lastKnownFileType = text.plist.xml; path = Info.plist; sourceTree = "<group>"; };
		E8F8121E2480DFBC00D262E8 /* TabBarController.swift */ = {isa = PBXFileReference; lastKnownFileType = sourcecode.swift; path = TabBarController.swift; sourceTree = "<group>"; };
		E8F812202480E01400D262E8 /* SearchViewController.swift */ = {isa = PBXFileReference; lastKnownFileType = sourcecode.swift; path = SearchViewController.swift; sourceTree = "<group>"; };
		E8F812222480E01A00D262E8 /* TagViewController.swift */ = {isa = PBXFileReference; lastKnownFileType = sourcecode.swift; path = TagViewController.swift; sourceTree = "<group>"; };
		E8F812242480E02200D262E8 /* SettingViewController.swift */ = {isa = PBXFileReference; lastKnownFileType = sourcecode.swift; path = SettingViewController.swift; sourceTree = "<group>"; };
/* End PBXFileReference section */

/* Begin PBXFrameworksBuildPhase section */
		E8F81204247F8B0800D262E8 /* Frameworks */ = {
			isa = PBXFrameworksBuildPhase;
			buildActionMask = 2147483647;
			files = (
				A38FF8028664F58244DC43E8 /* Pods_FriendList.framework in Frameworks */,
			);
			runOnlyForDeploymentPostprocessing = 0;
		};
/* End PBXFrameworksBuildPhase section */

/* Begin PBXGroup section */
		A067DDE598490C5A3631765D /* Frameworks */ = {
			isa = PBXGroup;
			children = (
				4908F4F336AD70E705B14924 /* Pods_FriendList.framework */,
			);
			name = Frameworks;
			sourceTree = "<group>";
		};
		DCA560094223AD8B88F3259D /* Pods */ = {
			isa = PBXGroup;
			children = (
				3E83007549A9AEF2489F7D70 /* Pods-FriendList.debug.xcconfig */,
				1E08FCED2F175F4FAF2692B6 /* Pods-FriendList.release.xcconfig */,
			);
			path = Pods;
			sourceTree = "<group>";
		};
		E89F1C152481260B003CCB61 /* Support Files */ = {
			isa = PBXGroup;
			children = (
				E89F1C2F2483ACF7003CCB61 /* Model */,
				E89F1C2C2483A410003CCB61 /* Components */,
				E89F1C19248135BC003CCB61 /* Utilities */,
				E89F1C1624812617003CCB61 /* Extensions */,
			);
			path = "Support Files";
			sourceTree = "<group>";
		};
		E89F1C1624812617003CCB61 /* Extensions */ = {
			isa = PBXGroup;
			children = (
				E89F1C1724812627003CCB61 /* UITableViewCell.swift */,
				E89F1C1C24814252003CCB61 /* UITableView.swift */,
				E89F1C2324838964003CCB61 /* UICollectionView.swift */,
				E89F1C252483896C003CCB61 /* UICollectionViewCell.swift */,
				E89F1C2724838F54003CCB61 /* String.swift */,
			);
			path = Extensions;
			sourceTree = "<group>";
		};
		E89F1C19248135BC003CCB61 /* Utilities */ = {
			isa = PBXGroup;
			children = (
				E89F1C1A248135C8003CCB61 /* Debugging.swift */,
			);
			path = Utilities;
			sourceTree = "<group>";
		};
		E89F1C1E2482564F003CCB61 /* FriendInfo */ = {
			isa = PBXGroup;
			children = (
				E89F1C1F2482566E003CCB61 /* FriendInfoViewController.swift */,
				E89F1C21248387AE003CCB61 /* FriendInfoCell.swift */,
			);
			path = FriendInfo;
			sourceTree = "<group>";
		};
		E89F1C2924839B31003CCB61 /* FriendEdit */ = {
			isa = PBXGroup;
			children = (
				E89F1C2A24839B56003CCB61 /* FriendEditViewController.swift */,
				E89F1C302483AF28003CCB61 /* FriendEditCell.swift */,
			);
			path = FriendEdit;
			sourceTree = "<group>";
		};
		E89F1C2C2483A410003CCB61 /* Components */ = {
			isa = PBXGroup;
			children = (
				E89F1C2D2483A445003CCB61 /* UnderlineTextField.swift */,
			);
			path = Components;
			sourceTree = "<group>";
		};
		E89F1C2F2483ACF7003CCB61 /* Model */ = {
			isa = PBXGroup;
			children = (
				E89F1C11248107A2003CCB61 /* User.swift */,
			);
			path = Model;
			sourceTree = "<group>";
		};
		E8F811FE247F8B0800D262E8 = {
			isa = PBXGroup;
			children = (
				E8F81209247F8B0800D262E8 /* FriendList */,
				E8F81208247F8B0800D262E8 /* Products */,
				DCA560094223AD8B88F3259D /* Pods */,
				A067DDE598490C5A3631765D /* Frameworks */,
			);
			sourceTree = "<group>";
		};
		E8F81208247F8B0800D262E8 /* Products */ = {
			isa = PBXGroup;
			children = (
				E8F81207247F8B0800D262E8 /* FriendList.app */,
			);
			name = Products;
			sourceTree = "<group>";
		};
		E8F81209247F8B0800D262E8 /* FriendList */ = {
			isa = PBXGroup;
			children = (
				E8F81218247F8B0A00D262E8 /* Info.plist */,
				E8F8120A247F8B0900D262E8 /* AppDelegate.swift */,
				E89F1C0D2480E7A5003CCB61 /* BaseViewController.swift */,
				E8F8120C247F8B0900D262E8 /* SceneDelegate.swift */,
				E8F8121E2480DFBC00D262E8 /* TabBarController.swift */,
				E8F81213247F8B0A00D262E8 /* Assets.xcassets */,
				E8F81215247F8B0A00D262E8 /* LaunchScreen.storyboard */,
				E8F812262480E03A00D262E8 /* Contact */,
				E89F1C2924839B31003CCB61 /* FriendEdit */,
				E89F1C1E2482564F003CCB61 /* FriendInfo */,
				E8F812272480E04000D262E8 /* Search */,
				E8F812292480E04A00D262E8 /* Setting */,
				E8F812282480E04600D262E8 /* Tag */,
				E89F1C152481260B003CCB61 /* Support Files */,
			);
			path = FriendList;
			sourceTree = "<group>";
		};
		E8F812262480E03A00D262E8 /* Contact */ = {
			isa = PBXGroup;
			children = (
				E8F8120E247F8B0900D262E8 /* ContactViewController.swift */,
				E89F1C0F2480F579003CCB61 /* ContactViewModel.swift */,
				E89F1C1324812236003CCB61 /* ContactCell.swift */,
			);
			path = Contact;
			sourceTree = "<group>";
		};
		E8F812272480E04000D262E8 /* Search */ = {
			isa = PBXGroup;
			children = (
				E8F812202480E01400D262E8 /* SearchViewController.swift */,
			);
			path = Search;
			sourceTree = "<group>";
		};
		E8F812282480E04600D262E8 /* Tag */ = {
			isa = PBXGroup;
			children = (
				E8F812222480E01A00D262E8 /* TagViewController.swift */,
			);
			path = Tag;
			sourceTree = "<group>";
		};
		E8F812292480E04A00D262E8 /* Setting */ = {
			isa = PBXGroup;
			children = (
				E8F812242480E02200D262E8 /* SettingViewController.swift */,
			);
			path = Setting;
			sourceTree = "<group>";
		};
/* End PBXGroup section */

/* Begin PBXNativeTarget section */
		E8F81206247F8B0800D262E8 /* FriendList */ = {
			isa = PBXNativeTarget;
			buildConfigurationList = E8F8121B247F8B0A00D262E8 /* Build configuration list for PBXNativeTarget "FriendList" */;
			buildPhases = (
				678F7342CA53E10B211781C2 /* [CP] Check Pods Manifest.lock */,
				E8F81203247F8B0800D262E8 /* Sources */,
				E8F81204247F8B0800D262E8 /* Frameworks */,
				E8F81205247F8B0800D262E8 /* Resources */,
				FA98B34D77325126C199FC93 /* [CP] Embed Pods Frameworks */,
			);
			buildRules = (
			);
			dependencies = (
			);
			name = FriendList;
			productName = FriendList;
			productReference = E8F81207247F8B0800D262E8 /* FriendList.app */;
			productType = "com.apple.product-type.application";
		};
/* End PBXNativeTarget section */

/* Begin PBXProject section */
		E8F811FF247F8B0800D262E8 /* Project object */ = {
			isa = PBXProject;
			attributes = {
				LastSwiftUpdateCheck = 1140;
				LastUpgradeCheck = 1140;
				ORGANIZATIONNAME = jaewon;
				TargetAttributes = {
					E8F81206247F8B0800D262E8 = {
						CreatedOnToolsVersion = 11.4.1;
					};
				};
			};
			buildConfigurationList = E8F81202247F8B0800D262E8 /* Build configuration list for PBXProject "FriendList" */;
			compatibilityVersion = "Xcode 9.3";
			developmentRegion = en;
			hasScannedForEncodings = 0;
			knownRegions = (
				en,
				Base,
			);
			mainGroup = E8F811FE247F8B0800D262E8;
			productRefGroup = E8F81208247F8B0800D262E8 /* Products */;
			projectDirPath = "";
			projectRoot = "";
			targets = (
				E8F81206247F8B0800D262E8 /* FriendList */,
			);
		};
/* End PBXProject section */

/* Begin PBXResourcesBuildPhase section */
		E8F81205247F8B0800D262E8 /* Resources */ = {
			isa = PBXResourcesBuildPhase;
			buildActionMask = 2147483647;
			files = (
				E8F81217247F8B0A00D262E8 /* LaunchScreen.storyboard in Resources */,
				E8F81214247F8B0A00D262E8 /* Assets.xcassets in Resources */,
			);
			runOnlyForDeploymentPostprocessing = 0;
		};
/* End PBXResourcesBuildPhase section */

/* Begin PBXShellScriptBuildPhase section */
		678F7342CA53E10B211781C2 /* [CP] Check Pods Manifest.lock */ = {
			isa = PBXShellScriptBuildPhase;
			buildActionMask = 2147483647;
			files = (
			);
			inputFileListPaths = (
			);
			inputPaths = (
				"${PODS_PODFILE_DIR_PATH}/Podfile.lock",
				"${PODS_ROOT}/Manifest.lock",
			);
			name = "[CP] Check Pods Manifest.lock";
			outputFileListPaths = (
			);
			outputPaths = (
				"$(DERIVED_FILE_DIR)/Pods-FriendList-checkManifestLockResult.txt",
			);
			runOnlyForDeploymentPostprocessing = 0;
			shellPath = /bin/sh;
			shellScript = "diff \"${PODS_PODFILE_DIR_PATH}/Podfile.lock\" \"${PODS_ROOT}/Manifest.lock\" > /dev/null\nif [ $? != 0 ] ; then\n    # print error to STDERR\n    echo \"error: The sandbox is not in sync with the Podfile.lock. Run 'pod install' or update your CocoaPods installation.\" >&2\n    exit 1\nfi\n# This output is used by Xcode 'outputs' to avoid re-running this script phase.\necho \"SUCCESS\" > \"${SCRIPT_OUTPUT_FILE_0}\"\n";
			showEnvVarsInLog = 0;
		};
		FA98B34D77325126C199FC93 /* [CP] Embed Pods Frameworks */ = {
			isa = PBXShellScriptBuildPhase;
			buildActionMask = 2147483647;
			files = (
			);
			inputFileListPaths = (
				"${PODS_ROOT}/Target Support Files/Pods-FriendList/Pods-FriendList-frameworks-${CONFIGURATION}-input-files.xcfilelist",
			);
			name = "[CP] Embed Pods Frameworks";
			outputFileListPaths = (
				"${PODS_ROOT}/Target Support Files/Pods-FriendList/Pods-FriendList-frameworks-${CONFIGURATION}-output-files.xcfilelist",
			);
			runOnlyForDeploymentPostprocessing = 0;
			shellPath = /bin/sh;
			shellScript = "\"${PODS_ROOT}/Target Support Files/Pods-FriendList/Pods-FriendList-frameworks.sh\"\n";
			showEnvVarsInLog = 0;
		};
/* End PBXShellScriptBuildPhase section */

/* Begin PBXSourcesBuildPhase section */
		E8F81203247F8B0800D262E8 /* Sources */ = {
			isa = PBXSourcesBuildPhase;
			buildActionMask = 2147483647;
			files = (
				E89F1C2824838F54003CCB61 /* String.swift in Sources */,
				E8F812212480E01400D262E8 /* SearchViewController.swift in Sources */,
				E89F1C2B24839B56003CCB61 /* FriendEditViewController.swift in Sources */,
				E8F8120F247F8B0900D262E8 /* ContactViewController.swift in Sources */,
				E89F1C202482566E003CCB61 /* FriendInfoViewController.swift in Sources */,
				E89F1C22248387AE003CCB61 /* FriendInfoCell.swift in Sources */,
				E8F8121F2480DFBC00D262E8 /* TabBarController.swift in Sources */,
				E8F812232480E01A00D262E8 /* TagViewController.swift in Sources */,
				E8F8120B247F8B0900D262E8 /* AppDelegate.swift in Sources */,
				E89F1C0E2480E7A5003CCB61 /* BaseViewController.swift in Sources */,
				E89F1C1424812236003CCB61 /* ContactCell.swift in Sources */,
				E89F1C1B248135C8003CCB61 /* Debugging.swift in Sources */,
				E8F812252480E02200D262E8 /* SettingViewController.swift in Sources */,
				E89F1C312483AF28003CCB61 /* FriendEditCell.swift in Sources */,
				E89F1C102480F579003CCB61 /* ContactViewModel.swift in Sources */,
				E89F1C1824812627003CCB61 /* UITableViewCell.swift in Sources */,
				E89F1C12248107A2003CCB61 /* User.swift in Sources */,
				E89F1C262483896C003CCB61 /* UICollectionViewCell.swift in Sources */,
				E8F8120D247F8B0900D262E8 /* SceneDelegate.swift in Sources */,
				E89F1C1D24814252003CCB61 /* UITableView.swift in Sources */,
				E89F1C2424838964003CCB61 /* UICollectionView.swift in Sources */,
				E89F1C2E2483A445003CCB61 /* UnderlineTextField.swift in Sources */,
			);
			runOnlyForDeploymentPostprocessing = 0;
		};
/* End PBXSourcesBuildPhase section */

/* Begin PBXVariantGroup section */
		E8F81215247F8B0A00D262E8 /* LaunchScreen.storyboard */ = {
			isa = PBXVariantGroup;
			children = (
				E8F81216247F8B0A00D262E8 /* Base */,
			);
			name = LaunchScreen.storyboard;
			sourceTree = "<group>";
		};
/* End PBXVariantGroup section */

/* Begin XCBuildConfiguration section */
		E8F81219247F8B0A00D262E8 /* Debug */ = {
			isa = XCBuildConfiguration;
			buildSettings = {
				ALWAYS_SEARCH_USER_PATHS = NO;
				CLANG_ANALYZER_NONNULL = YES;
				CLANG_ANALYZER_NUMBER_OBJECT_CONVERSION = YES_AGGRESSIVE;
				CLANG_CXX_LANGUAGE_STANDARD = "gnu++14";
				CLANG_CXX_LIBRARY = "libc++";
				CLANG_ENABLE_MODULES = YES;
				CLANG_ENABLE_OBJC_ARC = YES;
				CLANG_ENABLE_OBJC_WEAK = YES;
				CLANG_WARN_BLOCK_CAPTURE_AUTORELEASING = YES;
				CLANG_WARN_BOOL_CONVERSION = YES;
				CLANG_WARN_COMMA = YES;
				CLANG_WARN_CONSTANT_CONVERSION = YES;
				CLANG_WARN_DEPRECATED_OBJC_IMPLEMENTATIONS = YES;
				CLANG_WARN_DIRECT_OBJC_ISA_USAGE = YES_ERROR;
				CLANG_WARN_DOCUMENTATION_COMMENTS = YES;
				CLANG_WARN_EMPTY_BODY = YES;
				CLANG_WARN_ENUM_CONVERSION = YES;
				CLANG_WARN_INFINITE_RECURSION = YES;
				CLANG_WARN_INT_CONVERSION = YES;
				CLANG_WARN_NON_LITERAL_NULL_CONVERSION = YES;
				CLANG_WARN_OBJC_IMPLICIT_RETAIN_SELF = YES;
				CLANG_WARN_OBJC_LITERAL_CONVERSION = YES;
				CLANG_WARN_OBJC_ROOT_CLASS = YES_ERROR;
				CLANG_WARN_RANGE_LOOP_ANALYSIS = YES;
				CLANG_WARN_STRICT_PROTOTYPES = YES;
				CLANG_WARN_SUSPICIOUS_MOVE = YES;
				CLANG_WARN_UNGUARDED_AVAILABILITY = YES_AGGRESSIVE;
				CLANG_WARN_UNREACHABLE_CODE = YES;
				CLANG_WARN__DUPLICATE_METHOD_MATCH = YES;
				COPY_PHASE_STRIP = NO;
				DEBUG_INFORMATION_FORMAT = dwarf;
				ENABLE_STRICT_OBJC_MSGSEND = YES;
				ENABLE_TESTABILITY = YES;
				GCC_C_LANGUAGE_STANDARD = gnu11;
				GCC_DYNAMIC_NO_PIC = NO;
				GCC_NO_COMMON_BLOCKS = YES;
				GCC_OPTIMIZATION_LEVEL = 0;
				GCC_PREPROCESSOR_DEFINITIONS = (
					"DEBUG=1",
					"$(inherited)",
				);
				GCC_WARN_64_TO_32_BIT_CONVERSION = YES;
				GCC_WARN_ABOUT_RETURN_TYPE = YES_ERROR;
				GCC_WARN_UNDECLARED_SELECTOR = YES;
				GCC_WARN_UNINITIALIZED_AUTOS = YES_AGGRESSIVE;
				GCC_WARN_UNUSED_FUNCTION = YES;
				GCC_WARN_UNUSED_VARIABLE = YES;
				IPHONEOS_DEPLOYMENT_TARGET = 13.4;
				MTL_ENABLE_DEBUG_INFO = INCLUDE_SOURCE;
				MTL_FAST_MATH = YES;
				ONLY_ACTIVE_ARCH = YES;
				SDKROOT = iphoneos;
				SWIFT_ACTIVE_COMPILATION_CONDITIONS = DEBUG;
				SWIFT_OPTIMIZATION_LEVEL = "-Onone";
			};
			name = Debug;
		};
		E8F8121A247F8B0A00D262E8 /* Release */ = {
			isa = XCBuildConfiguration;
			buildSettings = {
				ALWAYS_SEARCH_USER_PATHS = NO;
				CLANG_ANALYZER_NONNULL = YES;
				CLANG_ANALYZER_NUMBER_OBJECT_CONVERSION = YES_AGGRESSIVE;
				CLANG_CXX_LANGUAGE_STANDARD = "gnu++14";
				CLANG_CXX_LIBRARY = "libc++";
				CLANG_ENABLE_MODULES = YES;
				CLANG_ENABLE_OBJC_ARC = YES;
				CLANG_ENABLE_OBJC_WEAK = YES;
				CLANG_WARN_BLOCK_CAPTURE_AUTORELEASING = YES;
				CLANG_WARN_BOOL_CONVERSION = YES;
				CLANG_WARN_COMMA = YES;
				CLANG_WARN_CONSTANT_CONVERSION = YES;
				CLANG_WARN_DEPRECATED_OBJC_IMPLEMENTATIONS = YES;
				CLANG_WARN_DIRECT_OBJC_ISA_USAGE = YES_ERROR;
				CLANG_WARN_DOCUMENTATION_COMMENTS = YES;
				CLANG_WARN_EMPTY_BODY = YES;
				CLANG_WARN_ENUM_CONVERSION = YES;
				CLANG_WARN_INFINITE_RECURSION = YES;
				CLANG_WARN_INT_CONVERSION = YES;
				CLANG_WARN_NON_LITERAL_NULL_CONVERSION = YES;
				CLANG_WARN_OBJC_IMPLICIT_RETAIN_SELF = YES;
				CLANG_WARN_OBJC_LITERAL_CONVERSION = YES;
				CLANG_WARN_OBJC_ROOT_CLASS = YES_ERROR;
				CLANG_WARN_RANGE_LOOP_ANALYSIS = YES;
				CLANG_WARN_STRICT_PROTOTYPES = YES;
				CLANG_WARN_SUSPICIOUS_MOVE = YES;
				CLANG_WARN_UNGUARDED_AVAILABILITY = YES_AGGRESSIVE;
				CLANG_WARN_UNREACHABLE_CODE = YES;
				CLANG_WARN__DUPLICATE_METHOD_MATCH = YES;
				COPY_PHASE_STRIP = NO;
				DEBUG_INFORMATION_FORMAT = "dwarf-with-dsym";
				ENABLE_NS_ASSERTIONS = NO;
				ENABLE_STRICT_OBJC_MSGSEND = YES;
				GCC_C_LANGUAGE_STANDARD = gnu11;
				GCC_NO_COMMON_BLOCKS = YES;
				GCC_WARN_64_TO_32_BIT_CONVERSION = YES;
				GCC_WARN_ABOUT_RETURN_TYPE = YES_ERROR;
				GCC_WARN_UNDECLARED_SELECTOR = YES;
				GCC_WARN_UNINITIALIZED_AUTOS = YES_AGGRESSIVE;
				GCC_WARN_UNUSED_FUNCTION = YES;
				GCC_WARN_UNUSED_VARIABLE = YES;
				IPHONEOS_DEPLOYMENT_TARGET = 13.4;
				MTL_ENABLE_DEBUG_INFO = NO;
				MTL_FAST_MATH = YES;
				SDKROOT = iphoneos;
				SWIFT_COMPILATION_MODE = wholemodule;
				SWIFT_OPTIMIZATION_LEVEL = "-O";
				VALIDATE_PRODUCT = YES;
			};
			name = Release;
		};
		E8F8121C247F8B0A00D262E8 /* Debug */ = {
			isa = XCBuildConfiguration;
			baseConfigurationReference = 3E83007549A9AEF2489F7D70 /* Pods-FriendList.debug.xcconfig */;
			buildSettings = {
				ASSETCATALOG_COMPILER_APPICON_NAME = AppIcon;
				CODE_SIGN_STYLE = Automatic;
				INFOPLIST_FILE = FriendList/Info.plist;
				LD_RUNPATH_SEARCH_PATHS = (
					"$(inherited)",
					"@executable_path/Frameworks",
				);
				PRODUCT_BUNDLE_IDENTIFIER = kr.heroin.FriendList;
				PRODUCT_NAME = "$(TARGET_NAME)";
				SWIFT_VERSION = 5.0;
				TARGETED_DEVICE_FAMILY = "1,2";
			};
			name = Debug;
		};
		E8F8121D247F8B0A00D262E8 /* Release */ = {
			isa = XCBuildConfiguration;
			baseConfigurationReference = 1E08FCED2F175F4FAF2692B6 /* Pods-FriendList.release.xcconfig */;
			buildSettings = {
				ASSETCATALOG_COMPILER_APPICON_NAME = AppIcon;
				CODE_SIGN_STYLE = Automatic;
				INFOPLIST_FILE = FriendList/Info.plist;
				LD_RUNPATH_SEARCH_PATHS = (
					"$(inherited)",
					"@executable_path/Frameworks",
				);
				PRODUCT_BUNDLE_IDENTIFIER = kr.heroin.FriendList;
				PRODUCT_NAME = "$(TARGET_NAME)";
				SWIFT_VERSION = 5.0;
				TARGETED_DEVICE_FAMILY = "1,2";
			};
			name = Release;
		};
/* End XCBuildConfiguration section */

/* Begin XCConfigurationList section */
		E8F81202247F8B0800D262E8 /* Build configuration list for PBXProject "FriendList" */ = {
			isa = XCConfigurationList;
			buildConfigurations = (
				E8F81219247F8B0A00D262E8 /* Debug */,
				E8F8121A247F8B0A00D262E8 /* Release */,
			);
			defaultConfigurationIsVisible = 0;
			defaultConfigurationName = Release;
		};
		E8F8121B247F8B0A00D262E8 /* Build configuration list for PBXNativeTarget "FriendList" */ = {
			isa = XCConfigurationList;
			buildConfigurations = (
				E8F8121C247F8B0A00D262E8 /* Debug */,
				E8F8121D247F8B0A00D262E8 /* Release */,
			);
			defaultConfigurationIsVisible = 0;
			defaultConfigurationName = Release;
		};
/* End XCConfigurationList section */
	};
	rootObject = E8F811FF247F8B0800D262E8 /* Project object */;
}
